// !$*UTF8*$!
{
	archiveVersion = 1;
	classes = {
	};
	objectVersion = 51;
	objects = {

/* Begin PBXBuildFile section */
		0275E82BE2E147E1FA966178 /* libPods-ParstagramTests.a in Frameworks */ = {isa = PBXBuildFile; fileRef = FF99380DB7818DFA15B80264 /* libPods-ParstagramTests.a */; };
		2C8DB77A23F9EF8200FC573F /* AppDelegate.swift in Sources */ = {isa = PBXBuildFile; fileRef = 2C8DB77923F9EF8200FC573F /* AppDelegate.swift */; };
		2C8DB77C23F9EF8200FC573F /* SceneDelegate.swift in Sources */ = {isa = PBXBuildFile; fileRef = 2C8DB77B23F9EF8200FC573F /* SceneDelegate.swift */; };
		2C8DB78123F9EF8200FC573F /* Main.storyboard in Resources */ = {isa = PBXBuildFile; fileRef = 2C8DB77F23F9EF8200FC573F /* Main.storyboard */; };
		2C8DB78323F9EF8400FC573F /* Assets.xcassets in Resources */ = {isa = PBXBuildFile; fileRef = 2C8DB78223F9EF8400FC573F /* Assets.xcassets */; };
		2C8DB78623F9EF8400FC573F /* LaunchScreen.storyboard in Resources */ = {isa = PBXBuildFile; fileRef = 2C8DB78423F9EF8400FC573F /* LaunchScreen.storyboard */; };
		2C8DB79123F9EF8400FC573F /* ParstagramTests.swift in Sources */ = {isa = PBXBuildFile; fileRef = 2C8DB79023F9EF8400FC573F /* ParstagramTests.swift */; };
		2C8DB79C23F9EF8400FC573F /* ParstagramUITests.swift in Sources */ = {isa = PBXBuildFile; fileRef = 2C8DB79B23F9EF8400FC573F /* ParstagramUITests.swift */; };
		2C8DB7B023F9F48B00FC573F /* LoginViewController.swift in Sources */ = {isa = PBXBuildFile; fileRef = 2C8DB7AF23F9F48B00FC573F /* LoginViewController.swift */; };
		2C8DB7B223F9F4A700FC573F /* FeedViewController.swift in Sources */ = {isa = PBXBuildFile; fileRef = 2C8DB7B123F9F4A700FC573F /* FeedViewController.swift */; };
		2C8DB7B423F9FDD700FC573F /* CameraViewController.swift in Sources */ = {isa = PBXBuildFile; fileRef = 2C8DB7B323F9FDD700FC573F /* CameraViewController.swift */; };
		2C8DB7B623FA161200FC573F /* PostCell.swift in Sources */ = {isa = PBXBuildFile; fileRef = 2C8DB7B523FA161200FC573F /* PostCell.swift */; };
		2CEC66222403D17600EE5243 /* CommentCell.swift in Sources */ = {isa = PBXBuildFile; fileRef = 2CEC66212403D17600EE5243 /* CommentCell.swift */; };
		5D4E689F14988B5984572DCD /* libPods-Parstagram.a in Frameworks */ = {isa = PBXBuildFile; fileRef = 257198CA5D82016722FC3D30 /* libPods-Parstagram.a */; };
		6329AB8D2B13AFFD795CCD32 /* libPods-Parstagram-ParstagramUITests.a in Frameworks */ = {isa = PBXBuildFile; fileRef = 238A06E0170D29407913869F /* libPods-Parstagram-ParstagramUITests.a */; };
/* End PBXBuildFile section */

/* Begin PBXContainerItemProxy section */
		2C8DB78D23F9EF8400FC573F /* PBXContainerItemProxy */ = {
			isa = PBXContainerItemProxy;
			containerPortal = 2C8DB76E23F9EF8100FC573F /* Project object */;
			proxyType = 1;
			remoteGlobalIDString = 2C8DB77523F9EF8200FC573F;
			remoteInfo = Parstagram;
		};
		2C8DB79823F9EF8400FC573F /* PBXContainerItemProxy */ = {
			isa = PBXContainerItemProxy;
			containerPortal = 2C8DB76E23F9EF8100FC573F /* Project object */;
			proxyType = 1;
			remoteGlobalIDString = 2C8DB77523F9EF8200FC573F;
			remoteInfo = Parstagram;
		};
/* End PBXContainerItemProxy section */

/* Begin PBXFileReference section */
		16700B175A4B4D89F2A8F95C /* Pods-Parstagram-ParstagramUITests.release.xcconfig */ = {isa = PBXFileReference; includeInIndex = 1; lastKnownFileType = text.xcconfig; name = "Pods-Parstagram-ParstagramUITests.release.xcconfig"; path = "Target Support Files/Pods-Parstagram-ParstagramUITests/Pods-Parstagram-ParstagramUITests.release.xcconfig"; sourceTree = "<group>"; };
		1AE502E66858877E2C3DB9B7 /* Pods-Parstagram-ParstagramUITests.debug.xcconfig */ = {isa = PBXFileReference; includeInIndex = 1; lastKnownFileType = text.xcconfig; name = "Pods-Parstagram-ParstagramUITests.debug.xcconfig"; path = "Target Support Files/Pods-Parstagram-ParstagramUITests/Pods-Parstagram-ParstagramUITests.debug.xcconfig"; sourceTree = "<group>"; };
		238A06E0170D29407913869F /* libPods-Parstagram-ParstagramUITests.a */ = {isa = PBXFileReference; explicitFileType = archive.ar; includeInIndex = 0; path = "libPods-Parstagram-ParstagramUITests.a"; sourceTree = BUILT_PRODUCTS_DIR; };
		257198CA5D82016722FC3D30 /* libPods-Parstagram.a */ = {isa = PBXFileReference; explicitFileType = archive.ar; includeInIndex = 0; path = "libPods-Parstagram.a"; sourceTree = BUILT_PRODUCTS_DIR; };
		2C8DB77623F9EF8200FC573F /* Parstagram.app */ = {isa = PBXFileReference; explicitFileType = wrapper.application; includeInIndex = 0; path = Parstagram.app; sourceTree = BUILT_PRODUCTS_DIR; };
		2C8DB77923F9EF8200FC573F /* AppDelegate.swift */ = {isa = PBXFileReference; lastKnownFileType = sourcecode.swift; path = AppDelegate.swift; sourceTree = "<group>"; };
		2C8DB77B23F9EF8200FC573F /* SceneDelegate.swift */ = {isa = PBXFileReference; lastKnownFileType = sourcecode.swift; path = SceneDelegate.swift; sourceTree = "<group>"; };
		2C8DB78023F9EF8200FC573F /* Base */ = {isa = PBXFileReference; lastKnownFileType = file.storyboard; name = Base; path = Base.lproj/Main.storyboard; sourceTree = "<group>"; };
		2C8DB78223F9EF8400FC573F /* Assets.xcassets */ = {isa = PBXFileReference; lastKnownFileType = folder.assetcatalog; path = Assets.xcassets; sourceTree = "<group>"; };
		2C8DB78523F9EF8400FC573F /* Base */ = {isa = PBXFileReference; lastKnownFileType = file.storyboard; name = Base; path = Base.lproj/LaunchScreen.storyboard; sourceTree = "<group>"; };
		2C8DB78723F9EF8400FC573F /* Info.plist */ = {isa = PBXFileReference; lastKnownFileType = text.plist.xml; path = Info.plist; sourceTree = "<group>"; };
		2C8DB78C23F9EF8400FC573F /* ParstagramTests.xctest */ = {isa = PBXFileReference; explicitFileType = wrapper.cfbundle; includeInIndex = 0; path = ParstagramTests.xctest; sourceTree = BUILT_PRODUCTS_DIR; };
		2C8DB79023F9EF8400FC573F /* ParstagramTests.swift */ = {isa = PBXFileReference; lastKnownFileType = sourcecode.swift; path = ParstagramTests.swift; sourceTree = "<group>"; };
		2C8DB79223F9EF8400FC573F /* Info.plist */ = {isa = PBXFileReference; lastKnownFileType = text.plist.xml; path = Info.plist; sourceTree = "<group>"; };
		2C8DB79723F9EF8400FC573F /* ParstagramUITests.xctest */ = {isa = PBXFileReference; explicitFileType = wrapper.cfbundle; includeInIndex = 0; path = ParstagramUITests.xctest; sourceTree = BUILT_PRODUCTS_DIR; };
		2C8DB79B23F9EF8400FC573F /* ParstagramUITests.swift */ = {isa = PBXFileReference; lastKnownFileType = sourcecode.swift; path = ParstagramUITests.swift; sourceTree = "<group>"; };
		2C8DB79D23F9EF8400FC573F /* Info.plist */ = {isa = PBXFileReference; lastKnownFileType = text.plist.xml; path = Info.plist; sourceTree = "<group>"; };
		2C8DB7AF23F9F48B00FC573F /* LoginViewController.swift */ = {isa = PBXFileReference; lastKnownFileType = sourcecode.swift; path = LoginViewController.swift; sourceTree = "<group>"; };
		2C8DB7B123F9F4A700FC573F /* FeedViewController.swift */ = {isa = PBXFileReference; lastKnownFileType = sourcecode.swift; path = FeedViewController.swift; sourceTree = "<group>"; };
		2C8DB7B323F9FDD700FC573F /* CameraViewController.swift */ = {isa = PBXFileReference; lastKnownFileType = sourcecode.swift; path = CameraViewController.swift; sourceTree = "<group>"; };
		2C8DB7B523FA161200FC573F /* PostCell.swift */ = {isa = PBXFileReference; lastKnownFileType = sourcecode.swift; path = PostCell.swift; sourceTree = "<group>"; };
		2CEC66212403D17600EE5243 /* CommentCell.swift */ = {isa = PBXFileReference; lastKnownFileType = sourcecode.swift; path = CommentCell.swift; sourceTree = "<group>"; };
		B9DD0AABAEC28BC3D36312EC /* Pods-ParstagramTests.release.xcconfig */ = {isa = PBXFileReference; includeInIndex = 1; lastKnownFileType = text.xcconfig; name = "Pods-ParstagramTests.release.xcconfig"; path = "Target Support Files/Pods-ParstagramTests/Pods-ParstagramTests.release.xcconfig"; sourceTree = "<group>"; };
		C92D4831D30A5104E2A7FF82 /* Pods-Parstagram.debug.xcconfig */ = {isa = PBXFileReference; includeInIndex = 1; lastKnownFileType = text.xcconfig; name = "Pods-Parstagram.debug.xcconfig"; path = "Target Support Files/Pods-Parstagram/Pods-Parstagram.debug.xcconfig"; sourceTree = "<group>"; };
		D9B0AFBDD6318CA714F00CB1 /* Pods-ParstagramTests.debug.xcconfig */ = {isa = PBXFileReference; includeInIndex = 1; lastKnownFileType = text.xcconfig; name = "Pods-ParstagramTests.debug.xcconfig"; path = "Target Support Files/Pods-ParstagramTests/Pods-ParstagramTests.debug.xcconfig"; sourceTree = "<group>"; };
		F5CE8E7871D10E4C0F6E46A8 /* Pods-Parstagram.release.xcconfig */ = {isa = PBXFileReference; includeInIndex = 1; lastKnownFileType = text.xcconfig; name = "Pods-Parstagram.release.xcconfig"; path = "Target Support Files/Pods-Parstagram/Pods-Parstagram.release.xcconfig"; sourceTree = "<group>"; };
		FF99380DB7818DFA15B80264 /* libPods-ParstagramTests.a */ = {isa = PBXFileReference; explicitFileType = archive.ar; includeInIndex = 0; path = "libPods-ParstagramTests.a"; sourceTree = BUILT_PRODUCTS_DIR; };
/* End PBXFileReference section */

/* Begin PBXFrameworksBuildPhase section */
		2C8DB77323F9EF8200FC573F /* Frameworks */ = {
			isa = PBXFrameworksBuildPhase;
			buildActionMask = 2147483647;
			files = (
				5D4E689F14988B5984572DCD /* libPods-Parstagram.a in Frameworks */,
			);
			runOnlyForDeploymentPostprocessing = 0;
		};
		2C8DB78923F9EF8400FC573F /* Frameworks */ = {
			isa = PBXFrameworksBuildPhase;
			buildActionMask = 2147483647;
			files = (
				0275E82BE2E147E1FA966178 /* libPods-ParstagramTests.a in Frameworks */,
			);
			runOnlyForDeploymentPostprocessing = 0;
		};
		2C8DB79423F9EF8400FC573F /* Frameworks */ = {
			isa = PBXFrameworksBuildPhase;
			buildActionMask = 2147483647;
			files = (
				6329AB8D2B13AFFD795CCD32 /* libPods-Parstagram-ParstagramUITests.a in Frameworks */,
			);
			runOnlyForDeploymentPostprocessing = 0;
		};
/* End PBXFrameworksBuildPhase section */

/* Begin PBXGroup section */
		2C8DB76D23F9EF8100FC573F = {
			isa = PBXGroup;
			children = (
				2C8DB77823F9EF8200FC573F /* Parstagram */,
				2C8DB78F23F9EF8400FC573F /* ParstagramTests */,
				2C8DB79A23F9EF8400FC573F /* ParstagramUITests */,
				2C8DB77723F9EF8200FC573F /* Products */,
				AF4668EEB06BC3FE9878DDCB /* Pods */,
				EB87EA79835FEA491496E734 /* Frameworks */,
			);
			sourceTree = "<group>";
		};
		2C8DB77723F9EF8200FC573F /* Products */ = {
			isa = PBXGroup;
			children = (
				2C8DB77623F9EF8200FC573F /* Parstagram.app */,
				2C8DB78C23F9EF8400FC573F /* ParstagramTests.xctest */,
				2C8DB79723F9EF8400FC573F /* ParstagramUITests.xctest */,
			);
			name = Products;
			sourceTree = "<group>";
		};
		2C8DB77823F9EF8200FC573F /* Parstagram */ = {
			isa = PBXGroup;
			children = (
				2C8DB77923F9EF8200FC573F /* AppDelegate.swift */,
				2C8DB77B23F9EF8200FC573F /* SceneDelegate.swift */,
				2C8DB77F23F9EF8200FC573F /* Main.storyboard */,
				2CEC66212403D17600EE5243 /* CommentCell.swift */,
				2C8DB7B523FA161200FC573F /* PostCell.swift */,
				2C8DB7B323F9FDD700FC573F /* CameraViewController.swift */,
				2C8DB7B123F9F4A700FC573F /* FeedViewController.swift */,
				2C8DB78223F9EF8400FC573F /* Assets.xcassets */,
				2C8DB78423F9EF8400FC573F /* LaunchScreen.storyboard */,
				2C8DB7AF23F9F48B00FC573F /* LoginViewController.swift */,
				2C8DB78723F9EF8400FC573F /* Info.plist */,
			);
			path = Parstagram;
			sourceTree = "<group>";
		};
		2C8DB78F23F9EF8400FC573F /* ParstagramTests */ = {
			isa = PBXGroup;
			children = (
				2C8DB79023F9EF8400FC573F /* ParstagramTests.swift */,
				2C8DB79223F9EF8400FC573F /* Info.plist */,
			);
			path = ParstagramTests;
			sourceTree = "<group>";
		};
		2C8DB79A23F9EF8400FC573F /* ParstagramUITests */ = {
			isa = PBXGroup;
			children = (
				2C8DB79B23F9EF8400FC573F /* ParstagramUITests.swift */,
				2C8DB79D23F9EF8400FC573F /* Info.plist */,
			);
			path = ParstagramUITests;
			sourceTree = "<group>";
		};
		AF4668EEB06BC3FE9878DDCB /* Pods */ = {
			isa = PBXGroup;
			children = (
				C92D4831D30A5104E2A7FF82 /* Pods-Parstagram.debug.xcconfig */,
				F5CE8E7871D10E4C0F6E46A8 /* Pods-Parstagram.release.xcconfig */,
				1AE502E66858877E2C3DB9B7 /* Pods-Parstagram-ParstagramUITests.debug.xcconfig */,
				16700B175A4B4D89F2A8F95C /* Pods-Parstagram-ParstagramUITests.release.xcconfig */,
				D9B0AFBDD6318CA714F00CB1 /* Pods-ParstagramTests.debug.xcconfig */,
				B9DD0AABAEC28BC3D36312EC /* Pods-ParstagramTests.release.xcconfig */,
			);
			path = Pods;
			sourceTree = "<group>";
		};
		EB87EA79835FEA491496E734 /* Frameworks */ = {
			isa = PBXGroup;
			children = (
				257198CA5D82016722FC3D30 /* libPods-Parstagram.a */,
				238A06E0170D29407913869F /* libPods-Parstagram-ParstagramUITests.a */,
				FF99380DB7818DFA15B80264 /* libPods-ParstagramTests.a */,
			);
			name = Frameworks;
			sourceTree = "<group>";
		};
/* End PBXGroup section */

/* Begin PBXNativeTarget section */
		2C8DB77523F9EF8200FC573F /* Parstagram */ = {
			isa = PBXNativeTarget;
			buildConfigurationList = 2C8DB7A023F9EF8400FC573F /* Build configuration list for PBXNativeTarget "Parstagram" */;
			buildPhases = (
				A76B2BF65AB778CAFD656937 /* [CP] Check Pods Manifest.lock */,
				2C8DB77223F9EF8200FC573F /* Sources */,
				2C8DB77323F9EF8200FC573F /* Frameworks */,
				2C8DB77423F9EF8200FC573F /* Resources */,
				705C90718B73DB42F1352101 /* [CP] Copy Pods Resources */,
			);
			buildRules = (
			);
			dependencies = (
			);
			name = Parstagram;
			productName = Parstagram;
			productReference = 2C8DB77623F9EF8200FC573F /* Parstagram.app */;
			productType = "com.apple.product-type.application";
		};
		2C8DB78B23F9EF8400FC573F /* ParstagramTests */ = {
			isa = PBXNativeTarget;
			buildConfigurationList = 2C8DB7A323F9EF8400FC573F /* Build configuration list for PBXNativeTarget "ParstagramTests" */;
			buildPhases = (
				C809E1D8ADBB7C05F2F56DDD /* [CP] Check Pods Manifest.lock */,
				2C8DB78823F9EF8400FC573F /* Sources */,
				2C8DB78923F9EF8400FC573F /* Frameworks */,
				2C8DB78A23F9EF8400FC573F /* Resources */,
			);
			buildRules = (
			);
			dependencies = (
				2C8DB78E23F9EF8400FC573F /* PBXTargetDependency */,
			);
			name = ParstagramTests;
			productName = ParstagramTests;
			productReference = 2C8DB78C23F9EF8400FC573F /* ParstagramTests.xctest */;
			productType = "com.apple.product-type.bundle.unit-test";
		};
		2C8DB79623F9EF8400FC573F /* ParstagramUITests */ = {
			isa = PBXNativeTarget;
			buildConfigurationList = 2C8DB7A623F9EF8400FC573F /* Build configuration list for PBXNativeTarget "ParstagramUITests" */;
			buildPhases = (
				A55D5D1DB0179C47AEFDE66B /* [CP] Check Pods Manifest.lock */,
				2C8DB79323F9EF8400FC573F /* Sources */,
				2C8DB79423F9EF8400FC573F /* Frameworks */,
				2C8DB79523F9EF8400FC573F /* Resources */,
				600A78C0C1292A501EE4951F /* [CP] Copy Pods Resources */,
			);
			buildRules = (
			);
			dependencies = (
				2C8DB79923F9EF8400FC573F /* PBXTargetDependency */,
			);
			name = ParstagramUITests;
			productName = ParstagramUITests;
			productReference = 2C8DB79723F9EF8400FC573F /* ParstagramUITests.xctest */;
			productType = "com.apple.product-type.bundle.ui-testing";
		};
/* End PBXNativeTarget section */

/* Begin PBXProject section */
		2C8DB76E23F9EF8100FC573F /* Project object */ = {
			isa = PBXProject;
			attributes = {
				LastSwiftUpdateCheck = 1130;
				LastUpgradeCheck = 1130;
				ORGANIZATIONNAME = "Zachary Pinto";
				TargetAttributes = {
					2C8DB77523F9EF8200FC573F = {
						CreatedOnToolsVersion = 11.3.1;
					};
					2C8DB78B23F9EF8400FC573F = {
						CreatedOnToolsVersion = 11.3.1;
						TestTargetID = 2C8DB77523F9EF8200FC573F;
					};
					2C8DB79623F9EF8400FC573F = {
						CreatedOnToolsVersion = 11.3.1;
						TestTargetID = 2C8DB77523F9EF8200FC573F;
					};
				};
			};
			buildConfigurationList = 2C8DB77123F9EF8100FC573F /* Build configuration list for PBXProject "Parstagram" */;
			compatibilityVersion = "Xcode 9.3";
			developmentRegion = en;
			hasScannedForEncodings = 0;
			knownRegions = (
				en,
				Base,
			);
			mainGroup = 2C8DB76D23F9EF8100FC573F;
			productRefGroup = 2C8DB77723F9EF8200FC573F /* Products */;
			projectDirPath = "";
			projectRoot = "";
			targets = (
				2C8DB77523F9EF8200FC573F /* Parstagram */,
				2C8DB78B23F9EF8400FC573F /* ParstagramTests */,
				2C8DB79623F9EF8400FC573F /* ParstagramUITests */,
			);
		};
/* End PBXProject section */

/* Begin PBXResourcesBuildPhase section */
		2C8DB77423F9EF8200FC573F /* Resources */ = {
			isa = PBXResourcesBuildPhase;
			buildActionMask = 2147483647;
			files = (
				2C8DB78623F9EF8400FC573F /* LaunchScreen.storyboard in Resources */,
				2C8DB78323F9EF8400FC573F /* Assets.xcassets in Resources */,
				2C8DB78123F9EF8200FC573F /* Main.storyboard in Resources */,
			);
			runOnlyForDeploymentPostprocessing = 0;
		};
		2C8DB78A23F9EF8400FC573F /* Resources */ = {
			isa = PBXResourcesBuildPhase;
			buildActionMask = 2147483647;
			files = (
			);
			runOnlyForDeploymentPostprocessing = 0;
		};
		2C8DB79523F9EF8400FC573F /* Resources */ = {
			isa = PBXResourcesBuildPhase;
			buildActionMask = 2147483647;
			files = (
			);
			runOnlyForDeploymentPostprocessing = 0;
		};
/* End PBXResourcesBuildPhase section */

/* Begin PBXShellScriptBuildPhase section */
		600A78C0C1292A501EE4951F /* [CP] Copy Pods Resources */ = {
			isa = PBXShellScriptBuildPhase;
			buildActionMask = 2147483647;
			files = (
			);
			inputFileListPaths = (
				"${PODS_ROOT}/Target Support Files/Pods-Parstagram-ParstagramUITests/Pods-Parstagram-ParstagramUITests-resources-${CONFIGURATION}-input-files.xcfilelist",
			);
			name = "[CP] Copy Pods Resources";
			outputFileListPaths = (
				"${PODS_ROOT}/Target Support Files/Pods-Parstagram-ParstagramUITests/Pods-Parstagram-ParstagramUITests-resources-${CONFIGURATION}-output-files.xcfilelist",
			);
			runOnlyForDeploymentPostprocessing = 0;
			shellPath = /bin/sh;
			shellScript = "\"${PODS_ROOT}/Target Support Files/Pods-Parstagram-ParstagramUITests/Pods-Parstagram-ParstagramUITests-resources.sh\"\n";
			showEnvVarsInLog = 0;
		};
		705C90718B73DB42F1352101 /* [CP] Copy Pods Resources */ = {
			isa = PBXShellScriptBuildPhase;
			buildActionMask = 2147483647;
			files = (
			);
			inputFileListPaths = (
				"${PODS_ROOT}/Target Support Files/Pods-Parstagram/Pods-Parstagram-resources-${CONFIGURATION}-input-files.xcfilelist",
			);
			name = "[CP] Copy Pods Resources";
			outputFileListPaths = (
				"${PODS_ROOT}/Target Support Files/Pods-Parstagram/Pods-Parstagram-resources-${CONFIGURATION}-output-files.xcfilelist",
			);
			runOnlyForDeploymentPostprocessing = 0;
			shellPath = /bin/sh;
			shellScript = "\"${PODS_ROOT}/Target Support Files/Pods-Parstagram/Pods-Parstagram-resources.sh\"\n";
			showEnvVarsInLog = 0;
		};
		A55D5D1DB0179C47AEFDE66B /* [CP] Check Pods Manifest.lock */ = {
			isa = PBXShellScriptBuildPhase;
			buildActionMask = 2147483647;
			files = (
			);
			inputFileListPaths = (
			);
			inputPaths = (
				"${PODS_PODFILE_DIR_PATH}/Podfile.lock",
				"${PODS_ROOT}/Manifest.lock",
			);
			name = "[CP] Check Pods Manifest.lock";
			outputFileListPaths = (
			);
			outputPaths = (
				"$(DERIVED_FILE_DIR)/Pods-Parstagram-ParstagramUITests-checkManifestLockResult.txt",
			);
			runOnlyForDeploymentPostprocessing = 0;
			shellPath = /bin/sh;
			shellScript = "diff \"${PODS_PODFILE_DIR_PATH}/Podfile.lock\" \"${PODS_ROOT}/Manifest.lock\" > /dev/null\nif [ $? != 0 ] ; then\n    # print error to STDERR\n    echo \"error: The sandbox is not in sync with the Podfile.lock. Run 'pod install' or update your CocoaPods installation.\" >&2\n    exit 1\nfi\n# This output is used by Xcode 'outputs' to avoid re-running this script phase.\necho \"SUCCESS\" > \"${SCRIPT_OUTPUT_FILE_0}\"\n";
			showEnvVarsInLog = 0;
		};
		A76B2BF65AB778CAFD656937 /* [CP] Check Pods Manifest.lock */ = {
			isa = PBXShellScriptBuildPhase;
			buildActionMask = 2147483647;
			files = (
			);
			inputFileListPaths = (
			);
			inputPaths = (
				"${PODS_PODFILE_DIR_PATH}/Podfile.lock",
				"${PODS_ROOT}/Manifest.lock",
			);
			name = "[CP] Check Pods Manifest.lock";
			outputFileListPaths = (
			);
			outputPaths = (
				"$(DERIVED_FILE_DIR)/Pods-Parstagram-checkManifestLockResult.txt",
			);
			runOnlyForDeploymentPostprocessing = 0;
			shellPath = /bin/sh;
			shellScript = "diff \"${PODS_PODFILE_DIR_PATH}/Podfile.lock\" \"${PODS_ROOT}/Manifest.lock\" > /dev/null\nif [ $? != 0 ] ; then\n    # print error to STDERR\n    echo \"error: The sandbox is not in sync with the Podfile.lock. Run 'pod install' or update your CocoaPods installation.\" >&2\n    exit 1\nfi\n# This output is used by Xcode 'outputs' to avoid re-running this script phase.\necho \"SUCCESS\" > \"${SCRIPT_OUTPUT_FILE_0}\"\n";
			showEnvVarsInLog = 0;
		};
		C809E1D8ADBB7C05F2F56DDD /* [CP] Check Pods Manifest.lock */ = {
			isa = PBXShellScriptBuildPhase;
			buildActionMask = 2147483647;
			files = (
			);
			inputFileListPaths = (
			);
			inputPaths = (
				"${PODS_PODFILE_DIR_PATH}/Podfile.lock",
				"${PODS_ROOT}/Manifest.lock",
			);
			name = "[CP] Check Pods Manifest.lock";
			outputFileListPaths = (
			);
			outputPaths = (
				"$(DERIVED_FILE_DIR)/Pods-ParstagramTests-checkManifestLockResult.txt",
			);
			runOnlyForDeploymentPostprocessing = 0;
			shellPath = /bin/sh;
			shellScript = "diff \"${PODS_PODFILE_DIR_PATH}/Podfile.lock\" \"${PODS_ROOT}/Manifest.lock\" > /dev/null\nif [ $? != 0 ] ; then\n    # print error to STDERR\n    echo \"error: The sandbox is not in sync with the Podfile.lock. Run 'pod install' or update your CocoaPods installation.\" >&2\n    exit 1\nfi\n# This output is used by Xcode 'outputs' to avoid re-running this script phase.\necho \"SUCCESS\" > \"${SCRIPT_OUTPUT_FILE_0}\"\n";
			showEnvVarsInLog = 0;
		};
/* End PBXShellScriptBuildPhase section */

/* Begin PBXSourcesBuildPhase section */
		2C8DB77223F9EF8200FC573F /* Sources */ = {
			isa = PBXSourcesBuildPhase;
			buildActionMask = 2147483647;
			files = (
				2C8DB7B023F9F48B00FC573F /* LoginViewController.swift in Sources */,
				2C8DB7B423F9FDD700FC573F /* CameraViewController.swift in Sources */,
				2C8DB77A23F9EF8200FC573F /* AppDelegate.swift in Sources */,
				2C8DB7B223F9F4A700FC573F /* FeedViewController.swift in Sources */,
				2C8DB77C23F9EF8200FC573F /* SceneDelegate.swift in Sources */,
				2C8DB7B623FA161200FC573F /* PostCell.swift in Sources */,
				2CEC66222403D17600EE5243 /* CommentCell.swift in Sources */,
			);
			runOnlyForDeploymentPostprocessing = 0;
		};
		2C8DB78823F9EF8400FC573F /* Sources */ = {
			isa = PBXSourcesBuildPhase;
			buildActionMask = 2147483647;
			files = (
				2C8DB79123F9EF8400FC573F /* ParstagramTests.swift in Sources */,
			);
			runOnlyForDeploymentPostprocessing = 0;
		};
		2C8DB79323F9EF8400FC573F /* Sources */ = {
			isa = PBXSourcesBuildPhase;
			buildActionMask = 2147483647;
			files = (
				2C8DB79C23F9EF8400FC573F /* ParstagramUITests.swift in Sources */,
			);
			runOnlyForDeploymentPostprocessing = 0;
		};
/* End PBXSourcesBuildPhase section */

/* Begin PBXTargetDependency section */
		2C8DB78E23F9EF8400FC573F /* PBXTargetDependency */ = {
			isa = PBXTargetDependency;
			target = 2C8DB77523F9EF8200FC573F /* Parstagram */;
			targetProxy = 2C8DB78D23F9EF8400FC573F /* PBXContainerItemProxy */;
		};
		2C8DB79923F9EF8400FC573F /* PBXTargetDependency */ = {
			isa = PBXTargetDependency;
			target = 2C8DB77523F9EF8200FC573F /* Parstagram */;
			targetProxy = 2C8DB79823F9EF8400FC573F /* PBXContainerItemProxy */;
		};
/* End PBXTargetDependency section */

/* Begin PBXVariantGroup section */
		2C8DB77F23F9EF8200FC573F /* Main.storyboard */ = {
			isa = PBXVariantGroup;
			children = (
				2C8DB78023F9EF8200FC573F /* Base */,
			);
			name = Main.storyboard;
			sourceTree = "<group>";
		};
		2C8DB78423F9EF8400FC573F /* LaunchScreen.storyboard */ = {
			isa = PBXVariantGroup;
			children = (
				2C8DB78523F9EF8400FC573F /* Base */,
			);
			name = LaunchScreen.storyboard;
			sourceTree = "<group>";
		};
/* End PBXVariantGroup section */

/* Begin XCBuildConfiguration section */
		2C8DB79E23F9EF8400FC573F /* Debug */ = {
			isa = XCBuildConfiguration;
			buildSettings = {
				ALWAYS_SEARCH_USER_PATHS = NO;
				CLANG_ANALYZER_NONNULL = YES;
				CLANG_ANALYZER_NUMBER_OBJECT_CONVERSION = YES_AGGRESSIVE;
				CLANG_CXX_LANGUAGE_STANDARD = "gnu++14";
				CLANG_CXX_LIBRARY = "libc++";
				CLANG_ENABLE_MODULES = YES;
				CLANG_ENABLE_OBJC_ARC = YES;
				CLANG_ENABLE_OBJC_WEAK = YES;
				CLANG_WARN_BLOCK_CAPTURE_AUTORELEASING = YES;
				CLANG_WARN_BOOL_CONVERSION = YES;
				CLANG_WARN_COMMA = YES;
				CLANG_WARN_CONSTANT_CONVERSION = YES;
				CLANG_WARN_DEPRECATED_OBJC_IMPLEMENTATIONS = YES;
				CLANG_WARN_DIRECT_OBJC_ISA_USAGE = YES_ERROR;
				CLANG_WARN_DOCUMENTATION_COMMENTS = YES;
				CLANG_WARN_EMPTY_BODY = YES;
				CLANG_WARN_ENUM_CONVERSION = YES;
				CLANG_WARN_INFINITE_RECURSION = YES;
				CLANG_WARN_INT_CONVERSION = YES;
				CLANG_WARN_NON_LITERAL_NULL_CONVERSION = YES;
				CLANG_WARN_OBJC_IMPLICIT_RETAIN_SELF = YES;
				CLANG_WARN_OBJC_LITERAL_CONVERSION = YES;
				CLANG_WARN_OBJC_ROOT_CLASS = YES_ERROR;
				CLANG_WARN_RANGE_LOOP_ANALYSIS = YES;
				CLANG_WARN_STRICT_PROTOTYPES = YES;
				CLANG_WARN_SUSPICIOUS_MOVE = YES;
				CLANG_WARN_UNGUARDED_AVAILABILITY = YES_AGGRESSIVE;
				CLANG_WARN_UNREACHABLE_CODE = YES;
				CLANG_WARN__DUPLICATE_METHOD_MATCH = YES;
				COPY_PHASE_STRIP = NO;
				DEBUG_INFORMATION_FORMAT = dwarf;
				ENABLE_STRICT_OBJC_MSGSEND = YES;
				ENABLE_TESTABILITY = YES;
				GCC_C_LANGUAGE_STANDARD = gnu11;
				GCC_DYNAMIC_NO_PIC = NO;
				GCC_NO_COMMON_BLOCKS = YES;
				GCC_OPTIMIZATION_LEVEL = 0;
				GCC_PREPROCESSOR_DEFINITIONS = (
					"DEBUG=1",
					"$(inherited)",
				);
				GCC_WARN_64_TO_32_BIT_CONVERSION = YES;
				GCC_WARN_ABOUT_RETURN_TYPE = YES_ERROR;
				GCC_WARN_UNDECLARED_SELECTOR = YES;
				GCC_WARN_UNINITIALIZED_AUTOS = YES_AGGRESSIVE;
				GCC_WARN_UNUSED_FUNCTION = YES;
				GCC_WARN_UNUSED_VARIABLE = YES;
				IPHONEOS_DEPLOYMENT_TARGET = 13.2;
				MTL_ENABLE_DEBUG_INFO = INCLUDE_SOURCE;
				MTL_FAST_MATH = YES;
				ONLY_ACTIVE_ARCH = YES;
				SDKROOT = iphoneos;
				SWIFT_ACTIVE_COMPILATION_CONDITIONS = DEBUG;
				SWIFT_OPTIMIZATION_LEVEL = "-Onone";
			};
			name = Debug;
		};
		2C8DB79F23F9EF8400FC573F /* Release */ = {
			isa = XCBuildConfiguration;
			buildSettings = {
				ALWAYS_SEARCH_USER_PATHS = NO;
				CLANG_ANALYZER_NONNULL = YES;
				CLANG_ANALYZER_NUMBER_OBJECT_CONVERSION = YES_AGGRESSIVE;
				CLANG_CXX_LANGUAGE_STANDARD = "gnu++14";
				CLANG_CXX_LIBRARY = "libc++";
				CLANG_ENABLE_MODULES = YES;
				CLANG_ENABLE_OBJC_ARC = YES;
				CLANG_ENABLE_OBJC_WEAK = YES;
				CLANG_WARN_BLOCK_CAPTURE_AUTORELEASING = YES;
				CLANG_WARN_BOOL_CONVERSION = YES;
				CLANG_WARN_COMMA = YES;
				CLANG_WARN_CONSTANT_CONVERSION = YES;
				CLANG_WARN_DEPRECATED_OBJC_IMPLEMENTATIONS = YES;
				CLANG_WARN_DIRECT_OBJC_ISA_USAGE = YES_ERROR;
				CLANG_WARN_DOCUMENTATION_COMMENTS = YES;
				CLANG_WARN_EMPTY_BODY = YES;
				CLANG_WARN_ENUM_CONVERSION = YES;
				CLANG_WARN_INFINITE_RECURSION = YES;
				CLANG_WARN_INT_CONVERSION = YES;
				CLANG_WARN_NON_LITERAL_NULL_CONVERSION = YES;
				CLANG_WARN_OBJC_IMPLICIT_RETAIN_SELF = YES;
				CLANG_WARN_OBJC_LITERAL_CONVERSION = YES;
				CLANG_WARN_OBJC_ROOT_CLASS = YES_ERROR;
				CLANG_WARN_RANGE_LOOP_ANALYSIS = YES;
				CLANG_WARN_STRICT_PROTOTYPES = YES;
				CLANG_WARN_SUSPICIOUS_MOVE = YES;
				CLANG_WARN_UNGUARDED_AVAILABILITY = YES_AGGRESSIVE;
				CLANG_WARN_UNREACHABLE_CODE = YES;
				CLANG_WARN__DUPLICATE_METHOD_MATCH = YES;
				COPY_PHASE_STRIP = NO;
				DEBUG_INFORMATION_FORMAT = "dwarf-with-dsym";
				ENABLE_NS_ASSERTIONS = NO;
				ENABLE_STRICT_OBJC_MSGSEND = YES;
				GCC_C_LANGUAGE_STANDARD = gnu11;
				GCC_NO_COMMON_BLOCKS = YES;
				GCC_WARN_64_TO_32_BIT_CONVERSION = YES;
				GCC_WARN_ABOUT_RETURN_TYPE = YES_ERROR;
				GCC_WARN_UNDECLARED_SELECTOR = YES;
				GCC_WARN_UNINITIALIZED_AUTOS = YES_AGGRESSIVE;
				GCC_WARN_UNUSED_FUNCTION = YES;
				GCC_WARN_UNUSED_VARIABLE = YES;
				IPHONEOS_DEPLOYMENT_TARGET = 13.2;
				MTL_ENABLE_DEBUG_INFO = NO;
				MTL_FAST_MATH = YES;
				SDKROOT = iphoneos;
				SWIFT_COMPILATION_MODE = wholemodule;
				SWIFT_OPTIMIZATION_LEVEL = "-O";
				VALIDATE_PRODUCT = YES;
			};
			name = Release;
		};
		2C8DB7A123F9EF8400FC573F /* Debug */ = {
			isa = XCBuildConfiguration;
			baseConfigurationReference = C92D4831D30A5104E2A7FF82 /* Pods-Parstagram.debug.xcconfig */;
			buildSettings = {
				ASSETCATALOG_COMPILER_APPICON_NAME = AppIcon;
				CODE_SIGN_STYLE = Automatic;
				DEVELOPMENT_TEAM = 22M3MZS36D;
				INFOPLIST_FILE = Parstagram/Info.plist;
				LD_RUNPATH_SEARCH_PATHS = (
					"$(inherited)",
					"@executable_path/Frameworks",
				);
				PRODUCT_BUNDLE_IDENTIFIER = com.zacharypinto.Parstagram;
				PRODUCT_NAME = "$(TARGET_NAME)";
				SWIFT_VERSION = 5.0;
				TARGETED_DEVICE_FAMILY = "1,2";
			};
			name = Debug;
		};
		2C8DB7A223F9EF8400FC573F /* Release */ = {
			isa = XCBuildConfiguration;
			baseConfigurationReference = F5CE8E7871D10E4C0F6E46A8 /* Pods-Parstagram.release.xcconfig */;
			buildSettings = {
				ASSETCATALOG_COMPILER_APPICON_NAME = AppIcon;
				CODE_SIGN_STYLE = Automatic;
				DEVELOPMENT_TEAM = 22M3MZS36D;
				INFOPLIST_FILE = Parstagram/Info.plist;
				LD_RUNPATH_SEARCH_PATHS = (
					"$(inherited)",
					"@executable_path/Frameworks",
				);
				PRODUCT_BUNDLE_IDENTIFIER = com.zacharypinto.Parstagram;
				PRODUCT_NAME = "$(TARGET_NAME)";
				SWIFT_VERSION = 5.0;
				TARGETED_DEVICE_FAMILY = "1,2";
			};
			name = Release;
		};
		2C8DB7A423F9EF8400FC573F /* Debug */ = {
			isa = XCBuildConfiguration;
			baseConfigurationReference = D9B0AFBDD6318CA714F00CB1 /* Pods-ParstagramTests.debug.xcconfig */;
			buildSettings = {
				ALWAYS_EMBED_SWIFT_STANDARD_LIBRARIES = YES;
				BUNDLE_LOADER = "$(TEST_HOST)";
				CODE_SIGN_STYLE = Automatic;
				DEVELOPMENT_TEAM = 22M3MZS36D;
				INFOPLIST_FILE = ParstagramTests/Info.plist;
				IPHONEOS_DEPLOYMENT_TARGET = 13.2;
				LD_RUNPATH_SEARCH_PATHS = (
					"$(inherited)",
					"@executable_path/Frameworks",
					"@loader_path/Frameworks",
				);
				PRODUCT_BUNDLE_IDENTIFIER = com.zacharypinto.ParstagramTests;
				PRODUCT_NAME = "$(TARGET_NAME)";
				SWIFT_VERSION = 5.0;
				TARGETED_DEVICE_FAMILY = "1,2";
				TEST_HOST = "$(BUILT_PRODUCTS_DIR)/Parstagram.app/Parstagram";
			};
			name = Debug;
		};
		2C8DB7A523F9EF8400FC573F /* Release */ = {
			isa = XCBuildConfiguration;
			baseConfigurationReference = B9DD0AABAEC28BC3D36312EC /* Pods-ParstagramTests.release.xcconfig */;
			buildSettings = {
				ALWAYS_EMBED_SWIFT_STANDARD_LIBRARIES = YES;
				BUNDLE_LOADER = "$(TEST_HOST)";
				CODE_SIGN_STYLE = Automatic;
				DEVELOPMENT_TEAM = 22M3MZS36D;
				INFOPLIST_FILE = ParstagramTests/Info.plist;
				IPHONEOS_DEPLOYMENT_TARGET = 13.2;
				LD_RUNPATH_SEARCH_PATHS = (
					"$(inherited)",
					"@executable_path/Frameworks",
					"@loader_path/Frameworks",
				);
				PRODUCT_BUNDLE_IDENTIFIER = com.zacharypinto.ParstagramTests;
				PRODUCT_NAME = "$(TARGET_NAME)";
				SWIFT_VERSION = 5.0;
				TARGETED_DEVICE_FAMILY = "1,2";
				TEST_HOST = "$(BUILT_PRODUCTS_DIR)/Parstagram.app/Parstagram";
			};
			name = Release;
		};
		2C8DB7A723F9EF8400FC573F /* Debug */ = {
			isa = XCBuildConfiguration;
			baseConfigurationReference = 1AE502E66858877E2C3DB9B7 /* Pods-Parstagram-ParstagramUITests.debug.xcconfig */;
			buildSettings = {
				ALWAYS_EMBED_SWIFT_STANDARD_LIBRARIES = YES;
				CODE_SIGN_STYLE = Automatic;
				DEVELOPMENT_TEAM = 22M3MZS36D;
				INFOPLIST_FILE = ParstagramUITests/Info.plist;
				LD_RUNPATH_SEARCH_PATHS = (
					"$(inherited)",
					"@executable_path/Frameworks",
					"@loader_path/Frameworks",
				);
				PRODUCT_BUNDLE_IDENTIFIER = com.zacharypinto.ParstagramUITests;
				PRODUCT_NAME = "$(TARGET_NAME)";
				SWIFT_VERSION = 5.0;
				TARGETED_DEVICE_FAMILY = "1,2";
				TEST_TARGET_NAME = Parstagram;
			};
			name = Debug;
		};
		2C8DB7A823F9EF8400FC573F /* Release */ = {
			isa = XCBuildConfiguration;
			baseConfigurationReference = 16700B175A4B4D89F2A8F95C /* Pods-Parstagram-ParstagramUITests.release.xcconfig */;
			buildSettings = {
				ALWAYS_EMBED_SWIFT_STANDARD_LIBRARIES = YES;
				CODE_SIGN_STYLE = Automatic;
				DEVELOPMENT_TEAM = 22M3MZS36D;
				INFOPLIST_FILE = ParstagramUITests/Info.plist;
				LD_RUNPATH_SEARCH_PATHS = (
					"$(inherited)",
					"@executable_path/Frameworks",
					"@loader_path/Frameworks",
				);
				PRODUCT_BUNDLE_IDENTIFIER = com.zacharypinto.ParstagramUITests;
				PRODUCT_NAME = "$(TARGET_NAME)";
				SWIFT_VERSION = 5.0;
				TARGETED_DEVICE_FAMILY = "1,2";
				TEST_TARGET_NAME = Parstagram;
			};
			name = Release;
		};
/* End XCBuildConfiguration section */

/* Begin XCConfigurationList section */
		2C8DB77123F9EF8100FC573F /* Build configuration list for PBXProject "Parstagram" */ = {
			isa = XCConfigurationList;
			buildConfigurations = (
				2C8DB79E23F9EF8400FC573F /* Debug */,
				2C8DB79F23F9EF8400FC573F /* Release */,
			);
			defaultConfigurationIsVisible = 0;
			defaultConfigurationName = Release;
		};
		2C8DB7A023F9EF8400FC573F /* Build configuration list for PBXNativeTarget "Parstagram" */ = {
			isa = XCConfigurationList;
			buildConfigurations = (
				2C8DB7A123F9EF8400FC573F /* Debug */,
				2C8DB7A223F9EF8400FC573F /* Release */,
			);
			defaultConfigurationIsVisible = 0;
			defaultConfigurationName = Release;
		};
		2C8DB7A323F9EF8400FC573F /* Build configuration list for PBXNativeTarget "ParstagramTests" */ = {
			isa = XCConfigurationList;
			buildConfigurations = (
				2C8DB7A423F9EF8400FC573F /* Debug */,
				2C8DB7A523F9EF8400FC573F /* Release */,
			);
			defaultConfigurationIsVisible = 0;
			defaultConfigurationName = Release;
		};
		2C8DB7A623F9EF8400FC573F /* Build configuration list for PBXNativeTarget "ParstagramUITests" */ = {
			isa = XCConfigurationList;
			buildConfigurations = (
				2C8DB7A723F9EF8400FC573F /* Debug */,
				2C8DB7A823F9EF8400FC573F /* Release */,
			);
			defaultConfigurationIsVisible = 0;
			defaultConfigurationName = Release;
		};
/* End XCConfigurationList section */
	};
	rootObject = 2C8DB76E23F9EF8100FC573F /* Project object */;
}
